Microsoft Visual Studio Solution File, Format Version 12.00
# Visual Studio Version 17
VisualStudioVersion = 17.0.31912.339
MinimumVisualStudioVersion = 10.0.40219.1

Project("{FAE04EC0-301F-11D3-BF4B-00C04F79EFBC}") = "ItemNotes.Domain", "src/ItemNotes.Domain/ItemNotes.Domain.csproj", "{9EFC2D52-5EB8-4C71-A2E5-111AAA111111}"
EndProject
Project("{FAE04EC0-301F-11D3-BF4B-00C04F79EFBC}") = "ItemNotes.Infrastructure", "src/ItemNotes.Infrastructure/ItemNotes.Infrastructure.csproj", "{9EFC2D52-5EB8-4C71-A2E5-222AAA222222}"
EndProject
Project("{FAE04EC0-301F-11D3-BF4B-00C04F79EFBC}") = "ItemNotes.Application", "src/ItemNotes.Application/ItemNotes.Application.csproj", "{9EFC2D52-5EB8-4C71-A2E5-333AAA333333}"
EndProject
Project("{FAE04EC0-301F-11D3-BF4B-00C04F79EFBC}") = "ItemNotes.UI", "src/ItemNotes.UI/ItemNotes.UI.csproj", "{9EFC2D52-5EB8-4C71-A2E5-444AAA444444}"
EndProject

Global
    GlobalSection(SolutionConfigurationPlatforms) = preSolution
        Debug|Any CPU = Debug|Any CPU
        Release|Any CPU = Release|Any CPU
    EndGlobalSection
    GlobalSection(ProjectConfigurationPlatforms) = postSolution
        {9EFC2D52-5EB8-4C71-A2E5-111AAA111111}.Debug|Any CPU.ActiveCfg = Debug|Any CPU
        {9EFC2D52-5EB8-4C71-A2E5-111AAA111111}.Debug|Any CPU.Build.0 = Debug|Any CPU
        {9EFC2D52-5EB8-4C71-A2E5-111AAA111111}.Release|Any CPU.ActiveCfg = Release|Any CPU
        {9EFC2D52-5EB8-4C71-A2E5-111AAA111111}.Release|Any CPU.Build.0 = Release|Any CPU
        {9EFC2D52-5EB8-4C71-A2E5-222AAA222222}.Debug|Any CPU.ActiveCfg = Debug|Any CPU
        {9EFC2D52-5EB8-4C71-A2E5-222AAA222222}.Debug|Any CPU.Build.0 = Debug|Any CPU
        {9EFC2D52-5EB8-4C71-A2E5-222AAA222222}.Release|Any CPU.ActiveCfg = Release|Any CPU
        {9EFC2D52-5EB8-4C71-A2E5-222AAA222222}.Release|Any CPU.Build.0 = Release|Any CPU
        {9EFC2D52-5EB8-4C71-A2E5-333AAA333333}.Debug|Any CPU.ActiveCfg = Debug|Any CPU
        {9EFC2D52-5EB8-4C71-A2E5-333AAA333333}.Debug|Any CPU.Build.0 = Debug|Any CPU
        {9EFC2D52-5EB8-4C71-A2E5-333AAA333333}.Release|Any CPU.ActiveCfg = Release|Any CPU
        {9EFC2D52-5EB8-4C71-A2E5-333AAA333333}.Release|Any CPU.Build.0 = Release|Any CPU
        {9EFC2D52-5EB8-4C71-A2E5-444AAA444444}.Debug|Any CPU.ActiveCfg = Debug|Any CPU
        {9EFC2D52-5EB8-4C71-A2E5-444AAA444444}.Debug|Any CPU.Build.0 = Debug|Any CPU
        {9EFC2D52-5EB8-4C71-A2E5-444AAA444444}.Release|Any CPU.ActiveCfg = Release|Any CPU
        {9EFC2D52-5EB8-4C71-A2E5-444AAA444444}.Release|Any CPU.Build.0 = Release|Any CPU
    EndGlobalSection
    GlobalSection(SolutionProperties) = preSolution
        HideSolutionNode = FALSE
    EndGlobalSection
EndGlobal